
Microsoft Visual Studio Solution File, Format Version 12.00
# Visual Studio 15
VisualStudioVersion = 15.0.27428.2043
MinimumVisualStudioVersion = 10.0.40219.1
Project("{FAE04EC0-301F-11D3-BF4B-00C04F79EFBC}") = "WebServerExercise", "WebServerExercise\WebServerExercise.csproj", "{B9460B41-45FE-4E22-94C7-23FABBE14B68}"
EndProject
Global
	GlobalSection(SolutionConfigurationPlatforms) = preSolution
		Debug|Any CPU = Debug|Any CPU
		Release|Any CPU = Release|Any CPU
	EndGlobalSection
	GlobalSection(ProjectConfigurationPlatforms) = postSolution
		{B9460B41-45FE-4E22-94C7-23FABBE14B68}.Debug|Any CPU.ActiveCfg = Debug|Any CPU
		{B9460B41-45FE-4E22-94C7-23FABBE14B68}.Debug|Any CPU.Build.0 = Debug|Any CPU
		{B9460B41-45FE-4E22-94C7-23FABBE14B68}.Release|Any CPU.ActiveCfg = Release|Any CPU
		{B9460B41-45FE-4E22-94C7-23FABBE14B68}.Release|Any CPU.Build.0 = Release|Any CPU
	EndGlobalSection
	GlobalSection(SolutionProperties) = preSolution
		HideSolutionNode = FALSE
	EndGlobalSection
	GlobalSection(ExtensibilityGlobals) = postSolution
		SolutionGuid = {4C5DAC2F-CF2A-4C9E-B4CE-EB70CA8C1799}
	EndGlobalSection
EndGlobal
